
Microsoft Visual Studio Solution File, Format Version 12.00
# Visual Studio Version 17
VisualStudioVersion = 17.11.35222.181
MinimumVisualStudioVersion = 10.0.40219.1
Project("{FAE04EC0-301F-11D3-BF4B-00C04F79EFBC}") = "Median2SortedArrays", "Median2SortedArrays\Median2SortedArrays.csproj", "{529C2F77-FCBD-46F6-AFAD-AE1EACF0F99A}"
EndProject
Project("{FAE04EC0-301F-11D3-BF4B-00C04F79EFBC}") = "TestProject1", "TestProject1\TestProject1.csproj", "{A8BCCDAD-5B35-4778-A4DD-836951A080AF}"
EndProject
Global
	GlobalSection(SolutionConfigurationPlatforms) = preSolution
		Debug|Any CPU = Debug|Any CPU
		Release|Any CPU = Release|Any CPU
	EndGlobalSection
	GlobalSection(ProjectConfigurationPlatforms) = postSolution
		{529C2F77-FCBD-46F6-AFAD-AE1EACF0F99A}.Debug|Any CPU.ActiveCfg = Debug|Any CPU
		{529C2F77-FCBD-46F6-AFAD-AE1EACF0F99A}.Debug|Any CPU.Build.0 = Debug|Any CPU
		{529C2F77-FCBD-46F6-AFAD-AE1EACF0F99A}.Release|Any CPU.ActiveCfg = Release|Any CPU
		{529C2F77-FCBD-46F6-AFAD-AE1EACF0F99A}.Release|Any CPU.Build.0 = Release|Any CPU
		{A8BCCDAD-5B35-4778-A4DD-836951A080AF}.Debug|Any CPU.ActiveCfg = Debug|Any CPU
		{A8BCCDAD-5B35-4778-A4DD-836951A080AF}.Debug|Any CPU.Build.0 = Debug|Any CPU
		{A8BCCDAD-5B35-4778-A4DD-836951A080AF}.Release|Any CPU.ActiveCfg = Release|Any CPU
		{A8BCCDAD-5B35-4778-A4DD-836951A080AF}.Release|Any CPU.Build.0 = Release|Any CPU
	EndGlobalSection
	GlobalSection(SolutionProperties) = preSolution
		HideSolutionNode = FALSE
	EndGlobalSection
	GlobalSection(ExtensibilityGlobals) = postSolution
		SolutionGuid = {FFC364D9-A639-406E-A443-05C627A92571}
	EndGlobalSection
EndGlobal
